
Microsoft Visual Studio Solution File, Format Version 12.00
# Visual Studio Version 16
VisualStudioVersion = 16.0.29806.167
MinimumVisualStudioVersion = 10.0.40219.1
Project("{FAE04EC0-301F-11D3-BF4B-00C04F79EFBC}") = "SpeakingInBit", "SpeakingInBit\SpeakingInBit.csproj", "{47AAE184-1F45-4263-8848-E70F8DFEDD9B}"
EndProject
Global
	GlobalSection(SolutionConfigurationPlatforms) = preSolution
		Debug|Any CPU = Debug|Any CPU
		Release|Any CPU = Release|Any CPU
	EndGlobalSection
	GlobalSection(ProjectConfigurationPlatforms) = postSolution
		{47AAE184-1F45-4263-8848-E70F8DFEDD9B}.Debug|Any CPU.ActiveCfg = Debug|Any CPU
		{47AAE184-1F45-4263-8848-E70F8DFEDD9B}.Debug|Any CPU.Build.0 = Debug|Any CPU
		{47AAE184-1F45-4263-8848-E70F8DFEDD9B}.Release|Any CPU.ActiveCfg = Release|Any CPU
		{47AAE184-1F45-4263-8848-E70F8DFEDD9B}.Release|Any CPU.Build.0 = Release|Any CPU
	EndGlobalSection
	GlobalSection(SolutionProperties) = preSolution
		HideSolutionNode = FALSE
	EndGlobalSection
	GlobalSection(ExtensibilityGlobals) = postSolution
		SolutionGuid = {D00B15E3-E99F-40B2-90AC-5CD9770E82F4}
	EndGlobalSection
EndGlobal
